
Microsoft Visual Studio Solution File, Format Version 12.00
# Visual Studio Version 17
VisualStudioVersion = 17.6.33829.357
MinimumVisualStudioVersion = 10.0.40219.1
Project("{FAE04EC0-301F-11D3-BF4B-00C04F79EFBC}") = "WebApi", "WebApi\WebApi.csproj", "{ED5BC196-AAD6-49BA-B6C4-D77F11D90FBC}"
EndProject
Project("{FAE04EC0-301F-11D3-BF4B-00C04F79EFBC}") = "Persistence", "Persistence\Persistence.csproj", "{F9A19EBB-D216-4C21-A22B-206ACEE083DB}"
EndProject
Project("{FAE04EC0-301F-11D3-BF4B-00C04F79EFBC}") = "Domain", "Domain\Domain.csproj", "{BE53B064-93A3-4E0E-995D-0B92DCF99E12}"
EndProject
Project("{FAE04EC0-301F-11D3-BF4B-00C04F79EFBC}") = "Application", "Application\Application.csproj", "{47F1F884-FEE6-4EC4-9E94-340934F6B0CE}"
EndProject
Project("{FAE04EC0-301F-11D3-BF4B-00C04F79EFBC}") = "Infrastructure", "Infrastructure\Infrastructure.csproj", "{F5A820EB-1E07-44E8-9681-BA298757E5E4}"
EndProject
Global
	GlobalSection(SolutionConfigurationPlatforms) = preSolution
		Debug|Any CPU = Debug|Any CPU
		Release|Any CPU = Release|Any CPU
	EndGlobalSection
	GlobalSection(ProjectConfigurationPlatforms) = postSolution
		{ED5BC196-AAD6-49BA-B6C4-D77F11D90FBC}.Debug|Any CPU.ActiveCfg = Debug|Any CPU
		{ED5BC196-AAD6-49BA-B6C4-D77F11D90FBC}.Debug|Any CPU.Build.0 = Debug|Any CPU
		{ED5BC196-AAD6-49BA-B6C4-D77F11D90FBC}.Release|Any CPU.ActiveCfg = Release|Any CPU
		{ED5BC196-AAD6-49BA-B6C4-D77F11D90FBC}.Release|Any CPU.Build.0 = Release|Any CPU
		{F9A19EBB-D216-4C21-A22B-206ACEE083DB}.Debug|Any CPU.ActiveCfg = Debug|Any CPU
		{F9A19EBB-D216-4C21-A22B-206ACEE083DB}.Debug|Any CPU.Build.0 = Debug|Any CPU
		{F9A19EBB-D216-4C21-A22B-206ACEE083DB}.Release|Any CPU.ActiveCfg = Release|Any CPU
		{F9A19EBB-D216-4C21-A22B-206ACEE083DB}.Release|Any CPU.Build.0 = Release|Any CPU
		{BE53B064-93A3-4E0E-995D-0B92DCF99E12}.Debug|Any CPU.ActiveCfg = Debug|Any CPU
		{BE53B064-93A3-4E0E-995D-0B92DCF99E12}.Debug|Any CPU.Build.0 = Debug|Any CPU
		{BE53B064-93A3-4E0E-995D-0B92DCF99E12}.Release|Any CPU.ActiveCfg = Release|Any CPU
		{BE53B064-93A3-4E0E-995D-0B92DCF99E12}.Release|Any CPU.Build.0 = Release|Any CPU
		{47F1F884-FEE6-4EC4-9E94-340934F6B0CE}.Debug|Any CPU.ActiveCfg = Debug|Any CPU
		{47F1F884-FEE6-4EC4-9E94-340934F6B0CE}.Debug|Any CPU.Build.0 = Debug|Any CPU
		{47F1F884-FEE6-4EC4-9E94-340934F6B0CE}.Release|Any CPU.ActiveCfg = Release|Any CPU
		{47F1F884-FEE6-4EC4-9E94-340934F6B0CE}.Release|Any CPU.Build.0 = Release|Any CPU
		{F5A820EB-1E07-44E8-9681-BA298757E5E4}.Debug|Any CPU.ActiveCfg = Debug|Any CPU
		{F5A820EB-1E07-44E8-9681-BA298757E5E4}.Debug|Any CPU.Build.0 = Debug|Any CPU
		{F5A820EB-1E07-44E8-9681-BA298757E5E4}.Release|Any CPU.ActiveCfg = Release|Any CPU
		{F5A820EB-1E07-44E8-9681-BA298757E5E4}.Release|Any CPU.Build.0 = Release|Any CPU
	EndGlobalSection
	GlobalSection(SolutionProperties) = preSolution
		HideSolutionNode = FALSE
	EndGlobalSection
	GlobalSection(ExtensibilityGlobals) = postSolution
		SolutionGuid = {0DF43B62-0FDD-4828-ADA5-E59A7CC1E622}
	EndGlobalSection
EndGlobal
